dependencies:
- name: metacatui
  repository: oci://ghcr.io/nceas/charts
  version: 1.0.15
- name: dataone-indexer
  repository: oci://ghcr.io/dataoneorg/charts
  version: 2.2.1
digest: sha256:b155fb03d65cd56d90a5bbaa9b581f8d7931c506d7508596e09dd6c10be4cec7
generated: "2026-09-09T17:12:08.772193-07:00"
